// !$*UTF8*$!
{
	archiveVersion = 1;
	classes = {
	};
	objectVersion = 46;
	objects = {

/* Begin PBXBuildFile section */
		37A20CC216F0DDFE0011F30D /* MainStoryboard_iPhone.storyboard in Resources */ = {isa = PBXBuildFile; fileRef = 37A20CC016F0DDFE0011F30D /* MainStoryboard_iPhone.storyboard */; };
		72975A0016ED16C900FC7DB8 /* CFNetwork.framework in Frameworks */ = {isa = PBXBuildFile; fileRef = 729759FF16ED16C900FC7DB8 /* CFNetwork.framework */; };
		72975A0216ED16D900FC7DB8 /* SystemConfiguration.framework in Frameworks */ = {isa = PBXBuildFile; fileRef = 72975A0116ED16D900FC7DB8 /* SystemConfiguration.framework */; };
		72975A0416ED16E300FC7DB8 /* MobileCoreServices.framework in Frameworks */ = {isa = PBXBuildFile; fileRef = 72975A0316ED16E300FC7DB8 /* MobileCoreServices.framework */; };
		72975A0616ED16F900FC7DB8 /* libz.dylib in Frameworks */ = {isa = PBXBuildFile; fileRef = 72975A0516ED16F900FC7DB8 /* libz.dylib */; };
		72975A7F16ED1DBB00FC7DB8 /* ASIFormDataRequest.m in Sources */ = {isa = PBXBuildFile; fileRef = 72975A6D16ED1DBB00FC7DB8 /* ASIFormDataRequest.m */; settings = {COMPILER_FLAGS = "-fno-objc-arc"; }; };
		72975A8016ED1DBB00FC7DB8 /* ASIInputStream.m in Sources */ = {isa = PBXBuildFile; fileRef = 72975A6E16ED1DBB00FC7DB8 /* ASIInputStream.m */; settings = {COMPILER_FLAGS = "-fno-objc-arc"; }; };
		72975A8116ED1DBB00FC7DB8 /* ASIHTTPRequest.m in Sources */ = {isa = PBXBuildFile; fileRef = 72975A7016ED1DBB00FC7DB8 /* ASIHTTPRequest.m */; settings = {COMPILER_FLAGS = "-fno-objc-arc"; }; };
		72975A8216ED1DBB00FC7DB8 /* ASIDownloadCache.m in Sources */ = {isa = PBXBuildFile; fileRef = 72975A7116ED1DBB00FC7DB8 /* ASIDownloadCache.m */; settings = {COMPILER_FLAGS = "-fno-objc-arc"; }; };
		72975A8316ED1DBB00FC7DB8 /* ASIDataCompressor.m in Sources */ = {isa = PBXBuildFile; fileRef = 72975A7316ED1DBB00FC7DB8 /* ASIDataCompressor.m */; settings = {COMPILER_FLAGS = "-fno-objc-arc"; }; };
		72975A8416ED1DBB00FC7DB8 /* ASIAuthenticationDialog.m in Sources */ = {isa = PBXBuildFile; fileRef = 72975A7616ED1DBB00FC7DB8 /* ASIAuthenticationDialog.m */; settings = {COMPILER_FLAGS = "-fno-objc-arc"; }; };
		72975A8516ED1DBB00FC7DB8 /* ASINetworkQueue.m in Sources */ = {isa = PBXBuildFile; fileRef = 72975A7816ED1DBB00FC7DB8 /* ASINetworkQueue.m */; settings = {COMPILER_FLAGS = "-fno-objc-arc"; }; };
		72975A8616ED1DBB00FC7DB8 /* ASIDataDecompressor.m in Sources */ = {isa = PBXBuildFile; fileRef = 72975A7A16ED1DBB00FC7DB8 /* ASIDataDecompressor.m */; settings = {COMPILER_FLAGS = "-fno-objc-arc"; }; };
		72975A8B16ED1DC600FC7DB8 /* Reachability.m in Sources */ = {isa = PBXBuildFile; fileRef = 72975A8A16ED1DC600FC7DB8 /* Reachability.m */; settings = {COMPILER_FLAGS = "-fno-objc-arc"; }; };
		72EAEDB816FA49CE0022F3C7 /* CDQEventsInputController.m in Sources */ = {isa = PBXBuildFile; fileRef = 72EAEDB716FA49CE0022F3C7 /* CDQEventsInputController.m */; };
		B18F780216F6390300024405 /* CDQGoalsViewController_test.m in Sources */ = {isa = PBXBuildFile; fileRef = B18F780116F6390300024405 /* CDQGoalsViewController_test.m */; };
		B18F780516F6396A00024405 /* CDQEventsViewController_test.m in Sources */ = {isa = PBXBuildFile; fileRef = B18F780416F6396A00024405 /* CDQEventsViewController_test.m */; };
		B18F780816F6398C00024405 /* CDQProfileViewController_test.m in Sources */ = {isa = PBXBuildFile; fileRef = B18F780716F6398C00024405 /* CDQProfileViewController_test.m */; };
		B18F780B16F6399B00024405 /* CDQActivityViewController_test.m in Sources */ = {isa = PBXBuildFile; fileRef = B18F780A16F6399B00024405 /* CDQActivityViewController_test.m */; };
		B196AF1A16F000AD00276B98 /* CDQGoalsViewController.m in Sources */ = {isa = PBXBuildFile; fileRef = B196AF1916F000AC00276B98 /* CDQGoalsViewController.m */; };
		D0C1EFE016EA977F00EB2E21 /* AboutViewController.m in Sources */ = {isa = PBXBuildFile; fileRef = D0C1EFDF16EA977F00EB2E21 /* AboutViewController.m */; };
		D0C1EFE716EA984300EB2E21 /* Ubuntu Orange.jpg in Resources */ = {isa = PBXBuildFile; fileRef = D0C1EFE616EA984300EB2E21 /* Ubuntu Orange.jpg */; };
		D0C1EFEA16EAA30600EB2E21 /* CDQHomeController.m in Sources */ = {isa = PBXBuildFile; fileRef = D0C1EFE916EAA30600EB2E21 /* CDQHomeController.m */; };
		D0C1F02C16EAB96900EB2E21 /* CardioQuestMain.jpeg in Resources */ = {isa = PBXBuildFile; fileRef = D0C1F02A16EAB96900EB2E21 /* CardioQuestMain.jpeg */; };
		D0C1F02D16EAB96900EB2E21 /* CardioQuestMain.acorn in Resources */ = {isa = PBXBuildFile; fileRef = D0C1F02B16EAB96900EB2E21 /* CardioQuestMain.acorn */; };
		D0CC697516F105230016C12B /* CDQEventsController.m in Sources */ = {isa = PBXBuildFile; fileRef = D0CC697416F105230016C12B /* CDQEventsController.m */; };
		E461B6DF16EA700F00C43D87 /* ProfileViewController.m in Sources */ = {isa = PBXBuildFile; fileRef = E461B6DE16EA700F00C43D87 /* ProfileViewController.m */; };
		E461B6E216EA70B500C43D87 /* CalendarViewController.m in Sources */ = {isa = PBXBuildFile; fileRef = E461B6E116EA70B500C43D87 /* CalendarViewController.m */; };
		E4BEB5CD16E5361500DD4526 /* UIKit.framework in Frameworks */ = {isa = PBXBuildFile; fileRef = E4BEB5CC16E5361500DD4526 /* UIKit.framework */; };
		E4BEB5CF16E5361500DD4526 /* Foundation.framework in Frameworks */ = {isa = PBXBuildFile; fileRef = E4BEB5CE16E5361500DD4526 /* Foundation.framework */; };
		E4BEB5D116E5361500DD4526 /* CoreGraphics.framework in Frameworks */ = {isa = PBXBuildFile; fileRef = E4BEB5D016E5361500DD4526 /* CoreGraphics.framework */; };
		E4BEB5D716E5361500DD4526 /* InfoPlist.strings in Resources */ = {isa = PBXBuildFile; fileRef = E4BEB5D516E5361500DD4526 /* InfoPlist.strings */; };
		E4BEB5D916E5361500DD4526 /* main.m in Sources */ = {isa = PBXBuildFile; fileRef = E4BEB5D816E5361500DD4526 /* main.m */; };
		E4BEB5DD16E5361600DD4526 /* CDQAppDelegate.m in Sources */ = {isa = PBXBuildFile; fileRef = E4BEB5DC16E5361600DD4526 /* CDQAppDelegate.m */; };
		E4BEB5DF16E5361600DD4526 /* Default.png in Resources */ = {isa = PBXBuildFile; fileRef = E4BEB5DE16E5361600DD4526 /* Default.png */; };
		E4BEB5E116E5361600DD4526 /* Default@2x.png in Resources */ = {isa = PBXBuildFile; fileRef = E4BEB5E016E5361600DD4526 /* Default@2x.png */; };
		E4BEB5E316E5361600DD4526 /* Default-568h@2x.png in Resources */ = {isa = PBXBuildFile; fileRef = E4BEB5E216E5361600DD4526 /* Default-568h@2x.png */; };
		E4BEB5E916E5361600DD4526 /* MainStoryboard_iPad.storyboard in Resources */ = {isa = PBXBuildFile; fileRef = E4BEB5E716E5361600DD4526 /* MainStoryboard_iPad.storyboard */; };
		E4BEB5EE16E5361600DD4526 /* first.png in Resources */ = {isa = PBXBuildFile; fileRef = E4BEB5ED16E5361600DD4526 /* first.png */; };
		E4BEB5F016E5361600DD4526 /* first@2x.png in Resources */ = {isa = PBXBuildFile; fileRef = E4BEB5EF16E5361600DD4526 /* first@2x.png */; };
		E4BEB5F516E5361600DD4526 /* second.png in Resources */ = {isa = PBXBuildFile; fileRef = E4BEB5F416E5361600DD4526 /* second.png */; };
		E4BEB5F716E5361600DD4526 /* second@2x.png in Resources */ = {isa = PBXBuildFile; fileRef = E4BEB5F616E5361600DD4526 /* second@2x.png */; };
		E4BEB5FF16E5361600DD4526 /* SenTestingKit.framework in Frameworks */ = {isa = PBXBuildFile; fileRef = E4BEB5FE16E5361600DD4526 /* SenTestingKit.framework */; };
		E4BEB60016E5361600DD4526 /* UIKit.framework in Frameworks */ = {isa = PBXBuildFile; fileRef = E4BEB5CC16E5361500DD4526 /* UIKit.framework */; };
		E4BEB60116E5361600DD4526 /* Foundation.framework in Frameworks */ = {isa = PBXBuildFile; fileRef = E4BEB5CE16E5361500DD4526 /* Foundation.framework */; };
		E4BEB60916E5361600DD4526 /* InfoPlist.strings in Resources */ = {isa = PBXBuildFile; fileRef = E4BEB60716E5361600DD4526 /* InfoPlist.strings */; };
		E4BEB60C16E5361700DD4526 /* CDQHomeController_test.m in Sources */ = {isa = PBXBuildFile; fileRef = E4BEB60B16E5361700DD4526 /* CDQHomeController_test.m */; };
		E4C879B716EE615400C95D99 /* SBJsonTokeniser.m in Sources */ = {isa = PBXBuildFile; fileRef = E4C879A016EE615400C95D99 /* SBJsonTokeniser.m */; };
		E4C879B816EE615400C95D99 /* SBJsonUTF8Stream.m in Sources */ = {isa = PBXBuildFile; fileRef = E4C879A116EE615400C95D99 /* SBJsonUTF8Stream.m */; };
		E4C879B916EE615400C95D99 /* SBJsonStreamParserAccumulator.m in Sources */ = {isa = PBXBuildFile; fileRef = E4C879A216EE615400C95D99 /* SBJsonStreamParserAccumulator.m */; };
		E4C879BA16EE615400C95D99 /* NSObject+SBJson.m in Sources */ = {isa = PBXBuildFile; fileRef = E4C879A316EE615400C95D99 /* NSObject+SBJson.m */; };
		E4C879BB16EE615400C95D99 /* SBJsonWriter.m in Sources */ = {isa = PBXBuildFile; fileRef = E4C879A716EE615400C95D99 /* SBJsonWriter.m */; };
		E4C879BC16EE615400C95D99 /* SBJsonStreamParser.m in Sources */ = {isa = PBXBuildFile; fileRef = E4C879A816EE615400C95D99 /* SBJsonStreamParser.m */; };
		E4C879BD16EE615400C95D99 /* SBJsonStreamParserAdapter.m in Sources */ = {isa = PBXBuildFile; fileRef = E4C879A916EE615400C95D99 /* SBJsonStreamParserAdapter.m */; };
		E4C879BE16EE615400C95D99 /* SBJsonStreamParserState.m in Sources */ = {isa = PBXBuildFile; fileRef = E4C879AE16EE615400C95D99 /* SBJsonStreamParserState.m */; };
		E4C879BF16EE615400C95D99 /* SBJsonStreamWriterState.m in Sources */ = {isa = PBXBuildFile; fileRef = E4C879B216EE615400C95D99 /* SBJsonStreamWriterState.m */; };
		E4C879C016EE615400C95D99 /* SBJsonStreamWriter.m in Sources */ = {isa = PBXBuildFile; fileRef = E4C879B316EE615400C95D99 /* SBJsonStreamWriter.m */; };
		E4C879C116EE615400C95D99 /* SBJsonParser.m in Sources */ = {isa = PBXBuildFile; fileRef = E4C879B416EE615400C95D99 /* SBJsonParser.m */; };
		E4C879C216EE615400C95D99 /* SBJsonStreamWriterAccumulator.m in Sources */ = {isa = PBXBuildFile; fileRef = E4C879B616EE615400C95D99 /* SBJsonStreamWriterAccumulator.m */; };
		E4D4DE4D16F69723003752B6 /* CDQAchievement.m in Sources */ = {isa = PBXBuildFile; fileRef = E4D4DE4C16F69723003752B6 /* CDQAchievement.m */; };
		E4D8688D16F2725900C16ED7 /* default_profile_pic.png in Resources */ = {isa = PBXBuildFile; fileRef = E4D8688C16F2725900C16ED7 /* default_profile_pic.png */; };
		E4DAFD0F16EA819300258D78 /* ActivityViewController.m in Sources */ = {isa = PBXBuildFile; fileRef = E4DAFD0E16EA819300258D78 /* ActivityViewController.m */; };
/* End PBXBuildFile section */

/* Begin PBXContainerItemProxy section */
		E4BEB60216E5361600DD4526 /* PBXContainerItemProxy */ = {
			isa = PBXContainerItemProxy;
			containerPortal = E4BEB5C116E5361500DD4526 /* Project object */;
			proxyType = 1;
			remoteGlobalIDString = E4BEB5C816E5361500DD4526;
			remoteInfo = CardioQuest;
		};
/* End PBXContainerItemProxy section */

/* Begin PBXFileReference section */
		37A20CC116F0DDFE0011F30D /* en */ = {isa = PBXFileReference; lastKnownFileType = file.storyboard; name = en; path = CardioQuest/en.lproj/MainStoryboard_iPhone.storyboard; sourceTree = "<group>"; };
		729759FF16ED16C900FC7DB8 /* CFNetwork.framework */ = {isa = PBXFileReference; lastKnownFileType = wrapper.framework; name = CFNetwork.framework; path = System/Library/Frameworks/CFNetwork.framework; sourceTree = SDKROOT; };
		72975A0116ED16D900FC7DB8 /* SystemConfiguration.framework */ = {isa = PBXFileReference; lastKnownFileType = wrapper.framework; name = SystemConfiguration.framework; path = System/Library/Frameworks/SystemConfiguration.framework; sourceTree = SDKROOT; };
		72975A0316ED16E300FC7DB8 /* MobileCoreServices.framework */ = {isa = PBXFileReference; lastKnownFileType = wrapper.framework; name = MobileCoreServices.framework; path = System/Library/Frameworks/MobileCoreServices.framework; sourceTree = SDKROOT; };
		72975A0516ED16F900FC7DB8 /* libz.dylib */ = {isa = PBXFileReference; lastKnownFileType = "compiled.mach-o.dylib"; name = libz.dylib; path = usr/lib/libz.dylib; sourceTree = SDKROOT; };
		72975A6B16ED1DBB00FC7DB8 /* ASIProgressDelegate.h */ = {isa = PBXFileReference; fileEncoding = 4; lastKnownFileType = sourcecode.c.h; path = ASIProgressDelegate.h; sourceTree = "<group>"; };
		72975A6C16ED1DBB00FC7DB8 /* ASIDownloadCache.h */ = {isa = PBXFileReference; fileEncoding = 4; lastKnownFileType = sourcecode.c.h; path = ASIDownloadCache.h; sourceTree = "<group>"; };
		72975A6D16ED1DBB00FC7DB8 /* ASIFormDataRequest.m */ = {isa = PBXFileReference; fileEncoding = 4; lastKnownFileType = sourcecode.c.objc; path = ASIFormDataRequest.m; sourceTree = "<group>"; };
		72975A6E16ED1DBB00FC7DB8 /* ASIInputStream.m */ = {isa = PBXFileReference; fileEncoding = 4; lastKnownFileType = sourcecode.c.objc; path = ASIInputStream.m; sourceTree = "<group>"; };
		72975A6F16ED1DBB00FC7DB8 /* ASIDataCompressor.h */ = {isa = PBXFileReference; fileEncoding = 4; lastKnownFileType = sourcecode.c.h; path = ASIDataCompressor.h; sourceTree = "<group>"; };
		72975A7016ED1DBB00FC7DB8 /* ASIHTTPRequest.m */ = {isa = PBXFileReference; fileEncoding = 4; lastKnownFileType = sourcecode.c.objc; path = ASIHTTPRequest.m; sourceTree = "<group>"; };
		72975A7116ED1DBB00FC7DB8 /* ASIDownloadCache.m */ = {isa = PBXFileReference; fileEncoding = 4; lastKnownFileType = sourcecode.c.objc; path = ASIDownloadCache.m; sourceTree = "<group>"; };
		72975A7216ED1DBB00FC7DB8 /* ASINetworkQueue.h */ = {isa = PBXFileReference; fileEncoding = 4; lastKnownFileType = sourcecode.c.h; path = ASINetworkQueue.h; sourceTree = "<group>"; };
		72975A7316ED1DBB00FC7DB8 /* ASIDataCompressor.m */ = {isa = PBXFileReference; fileEncoding = 4; lastKnownFileType = sourcecode.c.objc; path = ASIDataCompressor.m; sourceTree = "<group>"; };
		72975A7416ED1DBB00FC7DB8 /* ASIAuthenticationDialog.h */ = {isa = PBXFileReference; fileEncoding = 4; lastKnownFileType = sourcecode.c.h; path = ASIAuthenticationDialog.h; sourceTree = "<group>"; };
		72975A7516ED1DBB00FC7DB8 /* ASIHTTPRequest.h */ = {isa = PBXFileReference; fileEncoding = 4; lastKnownFileType = sourcecode.c.h; path = ASIHTTPRequest.h; sourceTree = "<group>"; };
		72975A7616ED1DBB00FC7DB8 /* ASIAuthenticationDialog.m */ = {isa = PBXFileReference; fileEncoding = 4; lastKnownFileType = sourcecode.c.objc; path = ASIAuthenticationDialog.m; sourceTree = "<group>"; };
		72975A7716ED1DBB00FC7DB8 /* ASIDataDecompressor.h */ = {isa = PBXFileReference; fileEncoding = 4; lastKnownFileType = sourcecode.c.h; path = ASIDataDecompressor.h; sourceTree = "<group>"; };
		72975A7816ED1DBB00FC7DB8 /* ASINetworkQueue.m */ = {isa = PBXFileReference; fileEncoding = 4; lastKnownFileType = sourcecode.c.objc; path = ASINetworkQueue.m; sourceTree = "<group>"; };
		72975A7916ED1DBB00FC7DB8 /* ASICacheDelegate.h */ = {isa = PBXFileReference; fileEncoding = 4; lastKnownFileType = sourcecode.c.h; path = ASICacheDelegate.h; sourceTree = "<group>"; };
		72975A7A16ED1DBB00FC7DB8 /* ASIDataDecompressor.m */ = {isa = PBXFileReference; fileEncoding = 4; lastKnownFileType = sourcecode.c.objc; path = ASIDataDecompressor.m; sourceTree = "<group>"; };
		72975A7B16ED1DBB00FC7DB8 /* ASIHTTPRequestConfig.h */ = {isa = PBXFileReference; fileEncoding = 4; lastKnownFileType = sourcecode.c.h; path = ASIHTTPRequestConfig.h; sourceTree = "<group>"; };
		72975A7C16ED1DBB00FC7DB8 /* ASIHTTPRequestDelegate.h */ = {isa = PBXFileReference; fileEncoding = 4; lastKnownFileType = sourcecode.c.h; path = ASIHTTPRequestDelegate.h; sourceTree = "<group>"; };
		72975A7D16ED1DBB00FC7DB8 /* ASIInputStream.h */ = {isa = PBXFileReference; fileEncoding = 4; lastKnownFileType = sourcecode.c.h; path = ASIInputStream.h; sourceTree = "<group>"; };
		72975A7E16ED1DBB00FC7DB8 /* ASIFormDataRequest.h */ = {isa = PBXFileReference; fileEncoding = 4; lastKnownFileType = sourcecode.c.h; path = ASIFormDataRequest.h; sourceTree = "<group>"; };
		72975A8916ED1DC600FC7DB8 /* Reachability.h */ = {isa = PBXFileReference; fileEncoding = 4; lastKnownFileType = sourcecode.c.h; path = Reachability.h; sourceTree = "<group>"; };
		72975A8A16ED1DC600FC7DB8 /* Reachability.m */ = {isa = PBXFileReference; fileEncoding = 4; lastKnownFileType = sourcecode.c.objc; path = Reachability.m; sourceTree = "<group>"; };
		72EAEDB616FA49CE0022F3C7 /* CDQEventsInputController.h */ = {isa = PBXFileReference; fileEncoding = 4; lastKnownFileType = sourcecode.c.h; path = CDQEventsInputController.h; sourceTree = "<group>"; };
		72EAEDB716FA49CE0022F3C7 /* CDQEventsInputController.m */ = {isa = PBXFileReference; fileEncoding = 4; lastKnownFileType = sourcecode.c.objc; path = CDQEventsInputController.m; sourceTree = "<group>"; };
		B18F780016F6390300024405 /* CDQGoalsViewController_test.h */ = {isa = PBXFileReference; fileEncoding = 4; lastKnownFileType = sourcecode.c.h; path = CDQGoalsViewController_test.h; sourceTree = "<group>"; };
		B18F780116F6390300024405 /* CDQGoalsViewController_test.m */ = {isa = PBXFileReference; fileEncoding = 4; lastKnownFileType = sourcecode.c.objc; path = CDQGoalsViewController_test.m; sourceTree = "<group>"; };
		B18F780316F6396A00024405 /* CDQEventsViewController_test.h */ = {isa = PBXFileReference; fileEncoding = 4; lastKnownFileType = sourcecode.c.h; path = CDQEventsViewController_test.h; sourceTree = "<group>"; };
		B18F780416F6396A00024405 /* CDQEventsViewController_test.m */ = {isa = PBXFileReference; fileEncoding = 4; lastKnownFileType = sourcecode.c.objc; path = CDQEventsViewController_test.m; sourceTree = "<group>"; };
		B18F780616F6398C00024405 /* CDQProfileViewController_test.h */ = {isa = PBXFileReference; fileEncoding = 4; lastKnownFileType = sourcecode.c.h; path = CDQProfileViewController_test.h; sourceTree = "<group>"; };
		B18F780716F6398C00024405 /* CDQProfileViewController_test.m */ = {isa = PBXFileReference; fileEncoding = 4; lastKnownFileType = sourcecode.c.objc; path = CDQProfileViewController_test.m; sourceTree = "<group>"; };
		B18F780916F6399B00024405 /* CDQActivityViewController_test.h */ = {isa = PBXFileReference; fileEncoding = 4; lastKnownFileType = sourcecode.c.h; path = CDQActivityViewController_test.h; sourceTree = "<group>"; };
		B18F780A16F6399B00024405 /* CDQActivityViewController_test.m */ = {isa = PBXFileReference; fileEncoding = 4; lastKnownFileType = sourcecode.c.objc; path = CDQActivityViewController_test.m; sourceTree = "<group>"; };
		B196AF1816F000AC00276B98 /* CDQGoalsViewController.h */ = {isa = PBXFileReference; fileEncoding = 4; lastKnownFileType = sourcecode.c.h; path = CDQGoalsViewController.h; sourceTree = "<group>"; };
		B196AF1916F000AC00276B98 /* CDQGoalsViewController.m */ = {isa = PBXFileReference; fileEncoding = 4; lastKnownFileType = sourcecode.c.objc; path = CDQGoalsViewController.m; sourceTree = "<group>"; };
		D0C1EFDE16EA977F00EB2E21 /* AboutViewController.h */ = {isa = PBXFileReference; fileEncoding = 4; lastKnownFileType = sourcecode.c.h; path = AboutViewController.h; sourceTree = "<group>"; };
		D0C1EFDF16EA977F00EB2E21 /* AboutViewController.m */ = {isa = PBXFileReference; fileEncoding = 4; lastKnownFileType = sourcecode.c.objc; path = AboutViewController.m; sourceTree = "<group>"; };
		D0C1EFE616EA984300EB2E21 /* Ubuntu Orange.jpg */ = {isa = PBXFileReference; lastKnownFileType = image.jpeg; name = "Ubuntu Orange.jpg"; path = "../Ubuntu Orange.jpg"; sourceTree = "<group>"; };
		D0C1EFE816EAA30600EB2E21 /* CDQHomeController.h */ = {isa = PBXFileReference; fileEncoding = 4; lastKnownFileType = sourcecode.c.h; path = CDQHomeController.h; sourceTree = "<group>"; };
		D0C1EFE916EAA30600EB2E21 /* CDQHomeController.m */ = {isa = PBXFileReference; fileEncoding = 4; lastKnownFileType = sourcecode.c.objc; path = CDQHomeController.m; sourceTree = "<group>"; };
		D0C1F02A16EAB96900EB2E21 /* CardioQuestMain.jpeg */ = {isa = PBXFileReference; lastKnownFileType = image.jpeg; path = CardioQuestMain.jpeg; sourceTree = "<group>"; };
		D0C1F02B16EAB96900EB2E21 /* CardioQuestMain.acorn */ = {isa = PBXFileReference; lastKnownFileType = file; path = CardioQuestMain.acorn; sourceTree = "<group>"; };
		D0CC697316F105230016C12B /* CDQEventsController.h */ = {isa = PBXFileReference; fileEncoding = 4; lastKnownFileType = sourcecode.c.h; path = CDQEventsController.h; sourceTree = "<group>"; };
		D0CC697416F105230016C12B /* CDQEventsController.m */ = {isa = PBXFileReference; fileEncoding = 4; lastKnownFileType = sourcecode.c.objc; path = CDQEventsController.m; sourceTree = "<group>"; };
		E461B6DD16EA700F00C43D87 /* ProfileViewController.h */ = {isa = PBXFileReference; fileEncoding = 4; lastKnownFileType = sourcecode.c.h; path = ProfileViewController.h; sourceTree = "<group>"; };
		E461B6DE16EA700F00C43D87 /* ProfileViewController.m */ = {isa = PBXFileReference; fileEncoding = 4; lastKnownFileType = sourcecode.c.objc; path = ProfileViewController.m; sourceTree = "<group>"; };
		E461B6E016EA70B500C43D87 /* CalendarViewController.h */ = {isa = PBXFileReference; fileEncoding = 4; lastKnownFileType = sourcecode.c.h; path = CalendarViewController.h; sourceTree = "<group>"; };
		E461B6E116EA70B500C43D87 /* CalendarViewController.m */ = {isa = PBXFileReference; fileEncoding = 4; lastKnownFileType = sourcecode.c.objc; path = CalendarViewController.m; sourceTree = "<group>"; };
		E4BEB5C916E5361500DD4526 /* CardioQuest.app */ = {isa = PBXFileReference; explicitFileType = wrapper.application; includeInIndex = 0; path = CardioQuest.app; sourceTree = BUILT_PRODUCTS_DIR; };
		E4BEB5CC16E5361500DD4526 /* UIKit.framework */ = {isa = PBXFileReference; lastKnownFileType = wrapper.framework; name = UIKit.framework; path = System/Library/Frameworks/UIKit.framework; sourceTree = SDKROOT; };
		E4BEB5CE16E5361500DD4526 /* Foundation.framework */ = {isa = PBXFileReference; lastKnownFileType = wrapper.framework; name = Foundation.framework; path = System/Library/Frameworks/Foundation.framework; sourceTree = SDKROOT; };
		E4BEB5D016E5361500DD4526 /* CoreGraphics.framework */ = {isa = PBXFileReference; lastKnownFileType = wrapper.framework; name = CoreGraphics.framework; path = System/Library/Frameworks/CoreGraphics.framework; sourceTree = SDKROOT; };
		E4BEB5D416E5361500DD4526 /* CardioQuest-Info.plist */ = {isa = PBXFileReference; lastKnownFileType = text.plist.xml; path = "CardioQuest-Info.plist"; sourceTree = "<group>"; };
		E4BEB5D616E5361500DD4526 /* en */ = {isa = PBXFileReference; lastKnownFileType = text.plist.strings; name = en; path = en.lproj/InfoPlist.strings; sourceTree = "<group>"; };
		E4BEB5D816E5361500DD4526 /* main.m */ = {isa = PBXFileReference; lastKnownFileType = sourcecode.c.objc; path = main.m; sourceTree = "<group>"; };
		E4BEB5DA16E5361500DD4526 /* CardioQuest-Prefix.pch */ = {isa = PBXFileReference; lastKnownFileType = sourcecode.c.h; path = "CardioQuest-Prefix.pch"; sourceTree = "<group>"; };
		E4BEB5DB16E5361500DD4526 /* CDQAppDelegate.h */ = {isa = PBXFileReference; lastKnownFileType = sourcecode.c.h; path = CDQAppDelegate.h; sourceTree = "<group>"; };
		E4BEB5DC16E5361600DD4526 /* CDQAppDelegate.m */ = {isa = PBXFileReference; lastKnownFileType = sourcecode.c.objc; path = CDQAppDelegate.m; sourceTree = "<group>"; };
		E4BEB5DE16E5361600DD4526 /* Default.png */ = {isa = PBXFileReference; lastKnownFileType = image.png; path = Default.png; sourceTree = "<group>"; };
		E4BEB5E016E5361600DD4526 /* Default@2x.png */ = {isa = PBXFileReference; lastKnownFileType = image.png; path = "Default@2x.png"; sourceTree = "<group>"; };
		E4BEB5E216E5361600DD4526 /* Default-568h@2x.png */ = {isa = PBXFileReference; lastKnownFileType = image.png; path = "Default-568h@2x.png"; sourceTree = "<group>"; };
		E4BEB5E816E5361600DD4526 /* en */ = {isa = PBXFileReference; lastKnownFileType = file.storyboard; name = en; path = en.lproj/MainStoryboard_iPad.storyboard; sourceTree = "<group>"; };
		E4BEB5ED16E5361600DD4526 /* first.png */ = {isa = PBXFileReference; lastKnownFileType = image.png; name = first.png; path = ../first.png; sourceTree = "<group>"; };
		E4BEB5EF16E5361600DD4526 /* first@2x.png */ = {isa = PBXFileReference; lastKnownFileType = image.png; name = "first@2x.png"; path = "../first@2x.png"; sourceTree = "<group>"; };
		E4BEB5F416E5361600DD4526 /* second.png */ = {isa = PBXFileReference; lastKnownFileType = image.png; name = second.png; path = ../second.png; sourceTree = "<group>"; };
		E4BEB5F616E5361600DD4526 /* second@2x.png */ = {isa = PBXFileReference; lastKnownFileType = image.png; name = "second@2x.png"; path = "../second@2x.png"; sourceTree = "<group>"; };
		E4BEB5FD16E5361600DD4526 /* CardioQuestTests.octest */ = {isa = PBXFileReference; explicitFileType = wrapper.cfbundle; includeInIndex = 0; path = CardioQuestTests.octest; sourceTree = BUILT_PRODUCTS_DIR; };
		E4BEB5FE16E5361600DD4526 /* SenTestingKit.framework */ = {isa = PBXFileReference; lastKnownFileType = wrapper.framework; name = SenTestingKit.framework; path = Library/Frameworks/SenTestingKit.framework; sourceTree = DEVELOPER_DIR; };
		E4BEB60616E5361600DD4526 /* CardioQuestTests-Info.plist */ = {isa = PBXFileReference; lastKnownFileType = text.plist.xml; path = "CardioQuestTests-Info.plist"; sourceTree = "<group>"; };
		E4BEB60816E5361600DD4526 /* en */ = {isa = PBXFileReference; lastKnownFileType = text.plist.strings; name = en; path = en.lproj/InfoPlist.strings; sourceTree = "<group>"; };
		E4BEB60A16E5361700DD4526 /* CDQHomeController_test.h */ = {isa = PBXFileReference; lastKnownFileType = sourcecode.c.h; path = CDQHomeController_test.h; sourceTree = "<group>"; };
		E4BEB60B16E5361700DD4526 /* CDQHomeController_test.m */ = {isa = PBXFileReference; lastKnownFileType = sourcecode.c.objc; path = CDQHomeController_test.m; sourceTree = "<group>"; };
		E4C8799E16EE615400C95D99 /* SBJsonStreamWriter.h */ = {isa = PBXFileReference; fileEncoding = 4; lastKnownFileType = sourcecode.c.h; path = SBJsonStreamWriter.h; sourceTree = "<group>"; };
		E4C8799F16EE615400C95D99 /* SBJsonStreamWriterState.h */ = {isa = PBXFileReference; fileEncoding = 4; lastKnownFileType = sourcecode.c.h; path = SBJsonStreamWriterState.h; sourceTree = "<group>"; };
		E4C879A016EE615400C95D99 /* SBJsonTokeniser.m */ = {isa = PBXFileReference; fileEncoding = 4; lastKnownFileType = sourcecode.c.objc; path = SBJsonTokeniser.m; sourceTree = "<group>"; };
		E4C879A116EE615400C95D99 /* SBJsonUTF8Stream.m */ = {isa = PBXFileReference; fileEncoding = 4; lastKnownFileType = sourcecode.c.objc; path = SBJsonUTF8Stream.m; sourceTree = "<group>"; };
		E4C879A216EE615400C95D99 /* SBJsonStreamParserAccumulator.m */ = {isa = PBXFileReference; fileEncoding = 4; lastKnownFileType = sourcecode.c.objc; path = SBJsonStreamParserAccumulator.m; sourceTree = "<group>"; };
		E4C879A316EE615400C95D99 /* NSObject+SBJson.m */ = {isa = PBXFileReference; fileEncoding = 4; lastKnownFileType = sourcecode.c.objc; path = "NSObject+SBJson.m"; sourceTree = "<group>"; };
		E4C879A416EE615400C95D99 /* SBJsonStreamWriterAccumulator.h */ = {isa = PBXFileReference; fileEncoding = 4; lastKnownFileType = sourcecode.c.h; path = SBJsonStreamWriterAccumulator.h; sourceTree = "<group>"; };
		E4C879A516EE615400C95D99 /* SBJsonUTF8Stream.h */ = {isa = PBXFileReference; fileEncoding = 4; lastKnownFileType = sourcecode.c.h; path = SBJsonUTF8Stream.h; sourceTree = "<group>"; };
		E4C879A616EE615400C95D99 /* SBJsonTokeniser.h */ = {isa = PBXFileReference; fileEncoding = 4; lastKnownFileType = sourcecode.c.h; path = SBJsonTokeniser.h; sourceTree = "<group>"; };
		E4C879A716EE615400C95D99 /* SBJsonWriter.m */ = {isa = PBXFileReference; fileEncoding = 4; lastKnownFileType = sourcecode.c.objc; path = SBJsonWriter.m; sourceTree = "<group>"; };
		E4C879A816EE615400C95D99 /* SBJsonStreamParser.m */ = {isa = PBXFileReference; fileEncoding = 4; lastKnownFileType = sourcecode.c.objc; path = SBJsonStreamParser.m; sourceTree = "<group>"; };
		E4C879A916EE615400C95D99 /* SBJsonStreamParserAdapter.m */ = {isa = PBXFileReference; fileEncoding = 4; lastKnownFileType = sourcecode.c.objc; path = SBJsonStreamParserAdapter.m; sourceTree = "<group>"; };
		E4C879AA16EE615400C95D99 /* SBJsonStreamParserAdapter.h */ = {isa = PBXFileReference; fileEncoding = 4; lastKnownFileType = sourcecode.c.h; path = SBJsonStreamParserAdapter.h; sourceTree = "<group>"; };
		E4C879AB16EE615400C95D99 /* SBJsonWriter.h */ = {isa = PBXFileReference; fileEncoding = 4; lastKnownFileType = sourcecode.c.h; path = SBJsonWriter.h; sourceTree = "<group>"; };
		E4C879AC16EE615400C95D99 /* SBJsonStreamParserState.h */ = {isa = PBXFileReference; fileEncoding = 4; lastKnownFileType = sourcecode.c.h; path = SBJsonStreamParserState.h; sourceTree = "<group>"; };
		E4C879AD16EE615400C95D99 /* SBJsonStreamParser.h */ = {isa = PBXFileReference; fileEncoding = 4; lastKnownFileType = sourcecode.c.h; path = SBJsonStreamParser.h; sourceTree = "<group>"; };
		E4C879AE16EE615400C95D99 /* SBJsonStreamParserState.m */ = {isa = PBXFileReference; fileEncoding = 4; lastKnownFileType = sourcecode.c.objc; path = SBJsonStreamParserState.m; sourceTree = "<group>"; };
		E4C879AF16EE615400C95D99 /* SBJson.h */ = {isa = PBXFileReference; fileEncoding = 4; lastKnownFileType = sourcecode.c.h; path = SBJson.h; sourceTree = "<group>"; };
		E4C879B016EE615400C95D99 /* SBJsonParser.h */ = {isa = PBXFileReference; fileEncoding = 4; lastKnownFileType = sourcecode.c.h; path = SBJsonParser.h; sourceTree = "<group>"; };
		E4C879B116EE615400C95D99 /* SBJsonStreamParserAccumulator.h */ = {isa = PBXFileReference; fileEncoding = 4; lastKnownFileType = sourcecode.c.h; path = SBJsonStreamParserAccumulator.h; sourceTree = "<group>"; };
		E4C879B216EE615400C95D99 /* SBJsonStreamWriterState.m */ = {isa = PBXFileReference; fileEncoding = 4; lastKnownFileType = sourcecode.c.objc; path = SBJsonStreamWriterState.m; sourceTree = "<group>"; };
		E4C879B316EE615400C95D99 /* SBJsonStreamWriter.m */ = {isa = PBXFileReference; fileEncoding = 4; lastKnownFileType = sourcecode.c.objc; path = SBJsonStreamWriter.m; sourceTree = "<group>"; };
		E4C879B416EE615400C95D99 /* SBJsonParser.m */ = {isa = PBXFileReference; fileEncoding = 4; lastKnownFileType = sourcecode.c.objc; path = SBJsonParser.m; sourceTree = "<group>"; };
		E4C879B516EE615400C95D99 /* NSObject+SBJson.h */ = {isa = PBXFileReference; fileEncoding = 4; lastKnownFileType = sourcecode.c.h; path = "NSObject+SBJson.h"; sourceTree = "<group>"; };
		E4C879B616EE615400C95D99 /* SBJsonStreamWriterAccumulator.m */ = {isa = PBXFileReference; fileEncoding = 4; lastKnownFileType = sourcecode.c.objc; path = SBJsonStreamWriterAccumulator.m; sourceTree = "<group>"; };
		E4D4DE4B16F69723003752B6 /* CDQAchievement.h */ = {isa = PBXFileReference; fileEncoding = 4; lastKnownFileType = sourcecode.c.h; path = CDQAchievement.h; sourceTree = "<group>"; };
		E4D4DE4C16F69723003752B6 /* CDQAchievement.m */ = {isa = PBXFileReference; fileEncoding = 4; lastKnownFileType = sourcecode.c.objc; path = CDQAchievement.m; sourceTree = "<group>"; };
		E4D8688C16F2725900C16ED7 /* default_profile_pic.png */ = {isa = PBXFileReference; lastKnownFileType = image.png; path = default_profile_pic.png; sourceTree = "<group>"; };
		E4DAFD0D16EA819300258D78 /* ActivityViewController.h */ = {isa = PBXFileReference; fileEncoding = 4; lastKnownFileType = sourcecode.c.h; path = ActivityViewController.h; sourceTree = "<group>"; };
		E4DAFD0E16EA819300258D78 /* ActivityViewController.m */ = {isa = PBXFileReference; fileEncoding = 4; lastKnownFileType = sourcecode.c.objc; path = ActivityViewController.m; sourceTree = "<group>"; };
/* End PBXFileReference section */

/* Begin PBXFrameworksBuildPhase section */
		E4BEB5C616E5361500DD4526 /* Frameworks */ = {
			isa = PBXFrameworksBuildPhase;
			buildActionMask = 2147483647;
			files = (
				72975A0616ED16F900FC7DB8 /* libz.dylib in Frameworks */,
				E4BEB5D116E5361500DD4526 /* CoreGraphics.framework in Frameworks */,
				72975A0416ED16E300FC7DB8 /* MobileCoreServices.framework in Frameworks */,
				72975A0216ED16D900FC7DB8 /* SystemConfiguration.framework in Frameworks */,
				72975A0016ED16C900FC7DB8 /* CFNetwork.framework in Frameworks */,
				E4BEB5CD16E5361500DD4526 /* UIKit.framework in Frameworks */,
				E4BEB5CF16E5361500DD4526 /* Foundation.framework in Frameworks */,
			);
			runOnlyForDeploymentPostprocessing = 0;
		};
		E4BEB5F916E5361600DD4526 /* Frameworks */ = {
			isa = PBXFrameworksBuildPhase;
			buildActionMask = 2147483647;
			files = (
				E4BEB5FF16E5361600DD4526 /* SenTestingKit.framework in Frameworks */,
				E4BEB60016E5361600DD4526 /* UIKit.framework in Frameworks */,
				E4BEB60116E5361600DD4526 /* Foundation.framework in Frameworks */,
			);
			runOnlyForDeploymentPostprocessing = 0;
		};
/* End PBXFrameworksBuildPhase section */

/* Begin PBXGroup section */
		72975A6A16ED1DBB00FC7DB8 /* ASIHTTPRequest */ = {
			isa = PBXGroup;
			children = (
				72975A6B16ED1DBB00FC7DB8 /* ASIProgressDelegate.h */,
				72975A6C16ED1DBB00FC7DB8 /* ASIDownloadCache.h */,
				72975A6D16ED1DBB00FC7DB8 /* ASIFormDataRequest.m */,
				72975A6E16ED1DBB00FC7DB8 /* ASIInputStream.m */,
				72975A6F16ED1DBB00FC7DB8 /* ASIDataCompressor.h */,
				72975A7016ED1DBB00FC7DB8 /* ASIHTTPRequest.m */,
				72975A7116ED1DBB00FC7DB8 /* ASIDownloadCache.m */,
				72975A7216ED1DBB00FC7DB8 /* ASINetworkQueue.h */,
				72975A7316ED1DBB00FC7DB8 /* ASIDataCompressor.m */,
				72975A7416ED1DBB00FC7DB8 /* ASIAuthenticationDialog.h */,
				72975A7516ED1DBB00FC7DB8 /* ASIHTTPRequest.h */,
				72975A7616ED1DBB00FC7DB8 /* ASIAuthenticationDialog.m */,
				72975A7716ED1DBB00FC7DB8 /* ASIDataDecompressor.h */,
				72975A7816ED1DBB00FC7DB8 /* ASINetworkQueue.m */,
				72975A7916ED1DBB00FC7DB8 /* ASICacheDelegate.h */,
				72975A7A16ED1DBB00FC7DB8 /* ASIDataDecompressor.m */,
				72975A7B16ED1DBB00FC7DB8 /* ASIHTTPRequestConfig.h */,
				72975A7C16ED1DBB00FC7DB8 /* ASIHTTPRequestDelegate.h */,
				72975A7D16ED1DBB00FC7DB8 /* ASIInputStream.h */,
				72975A7E16ED1DBB00FC7DB8 /* ASIFormDataRequest.h */,
			);
			name = ASIHTTPRequest;
			path = CardioQuest/ASIHTTPRequest;
			sourceTree = "<group>";
		};
		72975A8716ED1DC600FC7DB8 /* External */ = {
			isa = PBXGroup;
			children = (
				72975A8816ED1DC600FC7DB8 /* Reachability */,
			);
			name = External;
			path = CardioQuest/External;
			sourceTree = "<group>";
		};
		72975A8816ED1DC600FC7DB8 /* Reachability */ = {
			isa = PBXGroup;
			children = (
				72975A8916ED1DC600FC7DB8 /* Reachability.h */,
				72975A8A16ED1DC600FC7DB8 /* Reachability.m */,
			);
			path = Reachability;
			sourceTree = "<group>";
		};
		D0C1F02916EAB96800EB2E21 /* images */ = {
			isa = PBXGroup;
			children = (
				E4D8688C16F2725900C16ED7 /* default_profile_pic.png */,
				E4BEB5F416E5361600DD4526 /* second.png */,
				E4BEB5F616E5361600DD4526 /* second@2x.png */,
				E4BEB5ED16E5361600DD4526 /* first.png */,
				E4BEB5EF16E5361600DD4526 /* first@2x.png */,
				D0C1EFE616EA984300EB2E21 /* Ubuntu Orange.jpg */,
				D0C1F02A16EAB96900EB2E21 /* CardioQuestMain.jpeg */,
				D0C1F02B16EAB96900EB2E21 /* CardioQuestMain.acorn */,
			);
			path = images;
			sourceTree = "<group>";
		};
		E4BEB5C016E5361500DD4526 = {
			isa = PBXGroup;
			children = (
				72975A8716ED1DC600FC7DB8 /* External */,
				72975A6A16ED1DBB00FC7DB8 /* ASIHTTPRequest */,
				72975A0516ED16F900FC7DB8 /* libz.dylib */,
				72975A0316ED16E300FC7DB8 /* MobileCoreServices.framework */,
				72975A0116ED16D900FC7DB8 /* SystemConfiguration.framework */,
				729759FF16ED16C900FC7DB8 /* CFNetwork.framework */,
				E4BEB5D216E5361500DD4526 /* CardioQuest */,
				E4BEB60416E5361600DD4526 /* CardioQuestTests */,
				E4BEB5CB16E5361500DD4526 /* Frameworks */,
				E4BEB5CA16E5361500DD4526 /* Products */,
			);
			sourceTree = "<group>";
		};
		E4BEB5CA16E5361500DD4526 /* Products */ = {
			isa = PBXGroup;
			children = (
				E4BEB5C916E5361500DD4526 /* CardioQuest.app */,
				E4BEB5FD16E5361600DD4526 /* CardioQuestTests.octest */,
			);
			name = Products;
			sourceTree = "<group>";
		};
		E4BEB5CB16E5361500DD4526 /* Frameworks */ = {
			isa = PBXGroup;
			children = (
				E4BEB5CC16E5361500DD4526 /* UIKit.framework */,
				E4BEB5CE16E5361500DD4526 /* Foundation.framework */,
				E4BEB5D016E5361500DD4526 /* CoreGraphics.framework */,
				E4BEB5FE16E5361600DD4526 /* SenTestingKit.framework */,
			);
			name = Frameworks;
			sourceTree = "<group>";
		};
		E4BEB5D216E5361500DD4526 /* CardioQuest */ = {
			isa = PBXGroup;
			children = (
				E4C8799D16EE615400C95D99 /* Classes */,
				D0C1F02916EAB96800EB2E21 /* images */,
				D0C1EFE816EAA30600EB2E21 /* CDQHomeController.h */,
				D0C1EFE916EAA30600EB2E21 /* CDQHomeController.m */,
				D0CC697316F105230016C12B /* CDQEventsController.h */,
				D0CC697416F105230016C12B /* CDQEventsController.m */,
				72EAEDB616FA49CE0022F3C7 /* CDQEventsInputController.h */,
				72EAEDB716FA49CE0022F3C7 /* CDQEventsInputController.m */,
				D0C1EFDE16EA977F00EB2E21 /* AboutViewController.h */,
				37A20CC016F0DDFE0011F30D /* MainStoryboard_iPhone.storyboard */,
				D0C1EFDF16EA977F00EB2E21 /* AboutViewController.m */,
				E4BEB5DB16E5361500DD4526 /* CDQAppDelegate.h */,
				E4BEB5DC16E5361600DD4526 /* CDQAppDelegate.m */,
				E4BEB5E716E5361600DD4526 /* MainStoryboard_iPad.storyboard */,
				B196AF1816F000AC00276B98 /* CDQGoalsViewController.h */,
				B196AF1916F000AC00276B98 /* CDQGoalsViewController.m */,
				E461B6E016EA70B500C43D87 /* CalendarViewController.h */,
				E461B6E116EA70B500C43D87 /* CalendarViewController.m */,
				E461B6DD16EA700F00C43D87 /* ProfileViewController.h */,
				E461B6DE16EA700F00C43D87 /* ProfileViewController.m */,
				E4DAFD0D16EA819300258D78 /* ActivityViewController.h */,
				E4DAFD0E16EA819300258D78 /* ActivityViewController.m */,
				E4BEB5D316E5361500DD4526 /* Supporting Files */,
				E4D4DE4B16F69723003752B6 /* CDQAchievement.h */,
				E4D4DE4C16F69723003752B6 /* CDQAchievement.m */,
			);
			path = CardioQuest;
			sourceTree = "<group>";
		};
		E4BEB5D316E5361500DD4526 /* Supporting Files */ = {
			isa = PBXGroup;
			children = (
				E4BEB5D416E5361500DD4526 /* CardioQuest-Info.plist */,
				E4BEB5D516E5361500DD4526 /* InfoPlist.strings */,
				E4BEB5D816E5361500DD4526 /* main.m */,
				E4BEB5DA16E5361500DD4526 /* CardioQuest-Prefix.pch */,
				E4BEB5DE16E5361600DD4526 /* Default.png */,
				E4BEB5E016E5361600DD4526 /* Default@2x.png */,
				E4BEB5E216E5361600DD4526 /* Default-568h@2x.png */,
			);
			name = "Supporting Files";
			sourceTree = "<group>";
		};
		E4BEB60416E5361600DD4526 /* CardioQuestTests */ = {
			isa = PBXGroup;
			children = (
				E4BEB60A16E5361700DD4526 /* CDQHomeController_test.h */,
				E4BEB60B16E5361700DD4526 /* CDQHomeController_test.m */,
				E4BEB60516E5361600DD4526 /* Supporting Files */,
				B18F780016F6390300024405 /* CDQGoalsViewController_test.h */,
				B18F780116F6390300024405 /* CDQGoalsViewController_test.m */,
				B18F780316F6396A00024405 /* CDQEventsViewController_test.h */,
				B18F780416F6396A00024405 /* CDQEventsViewController_test.m */,
				B18F780616F6398C00024405 /* CDQProfileViewController_test.h */,
				B18F780716F6398C00024405 /* CDQProfileViewController_test.m */,
				B18F780916F6399B00024405 /* CDQActivityViewController_test.h */,
				B18F780A16F6399B00024405 /* CDQActivityViewController_test.m */,
			);
			path = CardioQuestTests;
			sourceTree = "<group>";
		};
		E4BEB60516E5361600DD4526 /* Supporting Files */ = {
			isa = PBXGroup;
			children = (
				E4BEB60616E5361600DD4526 /* CardioQuestTests-Info.plist */,
				E4BEB60716E5361600DD4526 /* InfoPlist.strings */,
			);
			name = "Supporting Files";
			sourceTree = "<group>";
		};
		E4C8799D16EE615400C95D99 /* Classes */ = {
			isa = PBXGroup;
			children = (
				E4C8799E16EE615400C95D99 /* SBJsonStreamWriter.h */,
				E4C8799F16EE615400C95D99 /* SBJsonStreamWriterState.h */,
				E4C879A016EE615400C95D99 /* SBJsonTokeniser.m */,
				E4C879A116EE615400C95D99 /* SBJsonUTF8Stream.m */,
				E4C879A216EE615400C95D99 /* SBJsonStreamParserAccumulator.m */,
				E4C879A316EE615400C95D99 /* NSObject+SBJson.m */,
				E4C879A416EE615400C95D99 /* SBJsonStreamWriterAccumulator.h */,
				E4C879A516EE615400C95D99 /* SBJsonUTF8Stream.h */,
				E4C879A616EE615400C95D99 /* SBJsonTokeniser.h */,
				E4C879A716EE615400C95D99 /* SBJsonWriter.m */,
				E4C879A816EE615400C95D99 /* SBJsonStreamParser.m */,
				E4C879A916EE615400C95D99 /* SBJsonStreamParserAdapter.m */,
				E4C879AA16EE615400C95D99 /* SBJsonStreamParserAdapter.h */,
				E4C879AB16EE615400C95D99 /* SBJsonWriter.h */,
				E4C879AC16EE615400C95D99 /* SBJsonStreamParserState.h */,
				E4C879AD16EE615400C95D99 /* SBJsonStreamParser.h */,
				E4C879AE16EE615400C95D99 /* SBJsonStreamParserState.m */,
				E4C879AF16EE615400C95D99 /* SBJson.h */,
				E4C879B016EE615400C95D99 /* SBJsonParser.h */,
				E4C879B116EE615400C95D99 /* SBJsonStreamParserAccumulator.h */,
				E4C879B216EE615400C95D99 /* SBJsonStreamWriterState.m */,
				E4C879B316EE615400C95D99 /* SBJsonStreamWriter.m */,
				E4C879B416EE615400C95D99 /* SBJsonParser.m */,
				E4C879B516EE615400C95D99 /* NSObject+SBJson.h */,
				E4C879B616EE615400C95D99 /* SBJsonStreamWriterAccumulator.m */,
			);
			path = Classes;
			sourceTree = "<group>";
		};
/* End PBXGroup section */

/* Begin PBXNativeTarget section */
		E4BEB5C816E5361500DD4526 /* CardioQuest */ = {
			isa = PBXNativeTarget;
			buildConfigurationList = E4BEB60F16E5361700DD4526 /* Build configuration list for PBXNativeTarget "CardioQuest" */;
			buildPhases = (
				E4BEB5C516E5361500DD4526 /* Sources */,
				E4BEB5C616E5361500DD4526 /* Frameworks */,
				E4BEB5C716E5361500DD4526 /* Resources */,
			);
			buildRules = (
			);
			dependencies = (
			);
			name = CardioQuest;
			productName = CardioQuest;
			productReference = E4BEB5C916E5361500DD4526 /* CardioQuest.app */;
			productType = "com.apple.product-type.application";
		};
		E4BEB5FC16E5361600DD4526 /* CardioQuestTests */ = {
			isa = PBXNativeTarget;
			buildConfigurationList = E4BEB61216E5361700DD4526 /* Build configuration list for PBXNativeTarget "CardioQuestTests" */;
			buildPhases = (
				E4BEB5F816E5361600DD4526 /* Sources */,
				E4BEB5F916E5361600DD4526 /* Frameworks */,
				E4BEB5FA16E5361600DD4526 /* Resources */,
				E4BEB5FB16E5361600DD4526 /* ShellScript */,
			);
			buildRules = (
			);
			dependencies = (
				E4BEB60316E5361600DD4526 /* PBXTargetDependency */,
			);
			name = CardioQuestTests;
			productName = CardioQuestTests;
			productReference = E4BEB5FD16E5361600DD4526 /* CardioQuestTests.octest */;
			productType = "com.apple.product-type.bundle";
		};
/* End PBXNativeTarget section */

/* Begin PBXProject section */
		E4BEB5C116E5361500DD4526 /* Project object */ = {
			isa = PBXProject;
			attributes = {
				CLASSPREFIX = CDQ;
				LastUpgradeCheck = 0460;
				ORGANIZATIONNAME = comp4350group5;
			};
			buildConfigurationList = E4BEB5C416E5361500DD4526 /* Build configuration list for PBXProject "CardioQuest" */;
			compatibilityVersion = "Xcode 3.2";
			developmentRegion = English;
			hasScannedForEncodings = 0;
			knownRegions = (
				en,
			);
			mainGroup = E4BEB5C016E5361500DD4526;
			productRefGroup = E4BEB5CA16E5361500DD4526 /* Products */;
			projectDirPath = "";
			projectRoot = "";
			targets = (
				E4BEB5C816E5361500DD4526 /* CardioQuest */,
				E4BEB5FC16E5361600DD4526 /* CardioQuestTests */,
			);
		};
/* End PBXProject section */

/* Begin PBXResourcesBuildPhase section */
		E4BEB5C716E5361500DD4526 /* Resources */ = {
			isa = PBXResourcesBuildPhase;
			buildActionMask = 2147483647;
			files = (
				E4BEB5D716E5361500DD4526 /* InfoPlist.strings in Resources */,
				E4BEB5DF16E5361600DD4526 /* Default.png in Resources */,
				E4BEB5E116E5361600DD4526 /* Default@2x.png in Resources */,
				E4BEB5E316E5361600DD4526 /* Default-568h@2x.png in Resources */,
				E4BEB5E916E5361600DD4526 /* MainStoryboard_iPad.storyboard in Resources */,
				E4BEB5EE16E5361600DD4526 /* first.png in Resources */,
				E4BEB5F016E5361600DD4526 /* first@2x.png in Resources */,
				E4BEB5F516E5361600DD4526 /* second.png in Resources */,
				E4BEB5F716E5361600DD4526 /* second@2x.png in Resources */,
				D0C1EFE716EA984300EB2E21 /* Ubuntu Orange.jpg in Resources */,
				D0C1F02C16EAB96900EB2E21 /* CardioQuestMain.jpeg in Resources */,
				D0C1F02D16EAB96900EB2E21 /* CardioQuestMain.acorn in Resources */,
				37A20CC216F0DDFE0011F30D /* MainStoryboard_iPhone.storyboard in Resources */,
				E4D8688D16F2725900C16ED7 /* default_profile_pic.png in Resources */,
			);
			runOnlyForDeploymentPostprocessing = 0;
		};
		E4BEB5FA16E5361600DD4526 /* Resources */ = {
			isa = PBXResourcesBuildPhase;
			buildActionMask = 2147483647;
			files = (
				E4BEB60916E5361600DD4526 /* InfoPlist.strings in Resources */,
			);
			runOnlyForDeploymentPostprocessing = 0;
		};
/* End PBXResourcesBuildPhase section */

/* Begin PBXShellScriptBuildPhase section */
		E4BEB5FB16E5361600DD4526 /* ShellScript */ = {
			isa = PBXShellScriptBuildPhase;
			buildActionMask = 2147483647;
			files = (
			);
			inputPaths = (
			);
			outputPaths = (
			);
			runOnlyForDeploymentPostprocessing = 0;
			shellPath = /bin/sh;
			shellScript = "# Run the unit tests in this test bundle.\n\"${SYSTEM_DEVELOPER_DIR}/Tools/RunUnitTests\"\n";
		};
/* End PBXShellScriptBuildPhase section */

/* Begin PBXSourcesBuildPhase section */
		E4BEB5C516E5361500DD4526 /* Sources */ = {
			isa = PBXSourcesBuildPhase;
			buildActionMask = 2147483647;
			files = (
				E4BEB5D916E5361500DD4526 /* main.m in Sources */,
				E4BEB5DD16E5361600DD4526 /* CDQAppDelegate.m in Sources */,
				E461B6DF16EA700F00C43D87 /* ProfileViewController.m in Sources */,
				E461B6E216EA70B500C43D87 /* CalendarViewController.m in Sources */,
				E4DAFD0F16EA819300258D78 /* ActivityViewController.m in Sources */,
				D0C1EFE016EA977F00EB2E21 /* AboutViewController.m in Sources */,
				D0C1EFEA16EAA30600EB2E21 /* CDQHomeController.m in Sources */,
				72975A7F16ED1DBB00FC7DB8 /* ASIFormDataRequest.m in Sources */,
				72975A8016ED1DBB00FC7DB8 /* ASIInputStream.m in Sources */,
				72975A8116ED1DBB00FC7DB8 /* ASIHTTPRequest.m in Sources */,
				72975A8216ED1DBB00FC7DB8 /* ASIDownloadCache.m in Sources */,
				72975A8316ED1DBB00FC7DB8 /* ASIDataCompressor.m in Sources */,
				72975A8416ED1DBB00FC7DB8 /* ASIAuthenticationDialog.m in Sources */,
				72975A8516ED1DBB00FC7DB8 /* ASINetworkQueue.m in Sources */,
				72975A8616ED1DBB00FC7DB8 /* ASIDataDecompressor.m in Sources */,
				72975A8B16ED1DC600FC7DB8 /* Reachability.m in Sources */,
				E4C879B716EE615400C95D99 /* SBJsonTokeniser.m in Sources */,
				E4C879B816EE615400C95D99 /* SBJsonUTF8Stream.m in Sources */,
				E4C879B916EE615400C95D99 /* SBJsonStreamParserAccumulator.m in Sources */,
				E4C879BA16EE615400C95D99 /* NSObject+SBJson.m in Sources */,
				E4C879BB16EE615400C95D99 /* SBJsonWriter.m in Sources */,
				E4C879BC16EE615400C95D99 /* SBJsonStreamParser.m in Sources */,
				E4C879BD16EE615400C95D99 /* SBJsonStreamParserAdapter.m in Sources */,
				E4C879BE16EE615400C95D99 /* SBJsonStreamParserState.m in Sources */,
				E4C879BF16EE615400C95D99 /* SBJsonStreamWriterState.m in Sources */,
				E4C879C016EE615400C95D99 /* SBJsonStreamWriter.m in Sources */,
				E4C879C116EE615400C95D99 /* SBJsonParser.m in Sources */,
				E4C879C216EE615400C95D99 /* SBJsonStreamWriterAccumulator.m in Sources */,
				B196AF1A16F000AD00276B98 /* CDQGoalsViewController.m in Sources */,
				D0CC697516F105230016C12B /* CDQEventsController.m in Sources */,
				E4D4DE4D16F69723003752B6 /* CDQAchievement.m in Sources */,
				72EAEDB816FA49CE0022F3C7 /* CDQEventsInputController.m in Sources */,
			);
			runOnlyForDeploymentPostprocessing = 0;
		};
		E4BEB5F816E5361600DD4526 /* Sources */ = {
			isa = PBXSourcesBuildPhase;
			buildActionMask = 2147483647;
			files = (
				E4BEB60C16E5361700DD4526 /* CDQHomeController_test.m in Sources */,
				B18F780216F6390300024405 /* CDQGoalsViewController_test.m in Sources */,
				B18F780516F6396A00024405 /* CDQEventsViewController_test.m in Sources */,
				B18F780816F6398C00024405 /* CDQProfileViewController_test.m in Sources */,
				B18F780B16F6399B00024405 /* CDQActivityViewController_test.m in Sources */,
			);
			runOnlyForDeploymentPostprocessing = 0;
		};
/* End PBXSourcesBuildPhase section */

/* Begin PBXTargetDependency section */
		E4BEB60316E5361600DD4526 /* PBXTargetDependency */ = {
			isa = PBXTargetDependency;
			target = E4BEB5C816E5361500DD4526 /* CardioQuest */;
			targetProxy = E4BEB60216E5361600DD4526 /* PBXContainerItemProxy */;
		};
/* End PBXTargetDependency section */

/* Begin PBXVariantGroup section */
		37A20CC016F0DDFE0011F30D /* MainStoryboard_iPhone.storyboard */ = {
			isa = PBXVariantGroup;
			children = (
				37A20CC116F0DDFE0011F30D /* en */,
			);
			name = MainStoryboard_iPhone.storyboard;
			path = ..;
			sourceTree = "<group>";
		};
		E4BEB5D516E5361500DD4526 /* InfoPlist.strings */ = {
			isa = PBXVariantGroup;
			children = (
				E4BEB5D616E5361500DD4526 /* en */,
			);
			name = InfoPlist.strings;
			sourceTree = "<group>";
		};
		E4BEB5E716E5361600DD4526 /* MainStoryboard_iPad.storyboard */ = {
			isa = PBXVariantGroup;
			children = (
				E4BEB5E816E5361600DD4526 /* en */,
			);
			name = MainStoryboard_iPad.storyboard;
			sourceTree = "<group>";
		};
		E4BEB60716E5361600DD4526 /* InfoPlist.strings */ = {
			isa = PBXVariantGroup;
			children = (
				E4BEB60816E5361600DD4526 /* en */,
			);
			name = InfoPlist.strings;
			sourceTree = "<group>";
		};
/* End PBXVariantGroup section */

/* Begin XCBuildConfiguration section */
		E4BEB60D16E5361700DD4526 /* Debug */ = {
			isa = XCBuildConfiguration;
			buildSettings = {
				ALWAYS_SEARCH_USER_PATHS = NO;
				CLANG_CXX_LANGUAGE_STANDARD = "gnu++0x";
				CLANG_CXX_LIBRARY = "libc++";
				CLANG_ENABLE_OBJC_ARC = YES;
				CLANG_WARN_CONSTANT_CONVERSION = YES;
				CLANG_WARN_EMPTY_BODY = YES;
				CLANG_WARN_ENUM_CONVERSION = YES;
				CLANG_WARN_INT_CONVERSION = YES;
				CLANG_WARN__DUPLICATE_METHOD_MATCH = YES;
				"CODE_SIGN_IDENTITY[sdk=iphoneos*]" = "iPhone Developer";
				COPY_PHASE_STRIP = NO;
				GCC_C_LANGUAGE_STANDARD = gnu99;
				GCC_DYNAMIC_NO_PIC = NO;
				GCC_OPTIMIZATION_LEVEL = 0;
				GCC_PREPROCESSOR_DEFINITIONS = (
					"DEBUG=1",
					"$(inherited)",
				);
				GCC_SYMBOLS_PRIVATE_EXTERN = NO;
				GCC_WARN_ABOUT_RETURN_TYPE = YES;
				GCC_WARN_UNINITIALIZED_AUTOS = YES;
				GCC_WARN_UNUSED_VARIABLE = YES;
				IPHONEOS_DEPLOYMENT_TARGET = 6.1;
				ONLY_ACTIVE_ARCH = YES;
				SDKROOT = iphoneos;
				TARGETED_DEVICE_FAMILY = "1,2";
			};
			name = Debug;
		};
		E4BEB60E16E5361700DD4526 /* Release */ = {
			isa = XCBuildConfiguration;
			buildSettings = {
				ALWAYS_SEARCH_USER_PATHS = NO;
				CLANG_CXX_LANGUAGE_STANDARD = "gnu++0x";
				CLANG_CXX_LIBRARY = "libc++";
				CLANG_ENABLE_OBJC_ARC = YES;
				CLANG_WARN_CONSTANT_CONVERSION = YES;
				CLANG_WARN_EMPTY_BODY = YES;
				CLANG_WARN_ENUM_CONVERSION = YES;
				CLANG_WARN_INT_CONVERSION = YES;
				CLANG_WARN__DUPLICATE_METHOD_MATCH = YES;
				"CODE_SIGN_IDENTITY[sdk=iphoneos*]" = "iPhone Developer";
				COPY_PHASE_STRIP = YES;
				GCC_C_LANGUAGE_STANDARD = gnu99;
				GCC_WARN_ABOUT_RETURN_TYPE = YES;
				GCC_WARN_UNINITIALIZED_AUTOS = YES;
				GCC_WARN_UNUSED_VARIABLE = YES;
				IPHONEOS_DEPLOYMENT_TARGET = 6.1;
				OTHER_CFLAGS = "-DNS_BLOCK_ASSERTIONS=1";
				SDKROOT = iphoneos;
				TARGETED_DEVICE_FAMILY = "1,2";
				VALIDATE_PRODUCT = YES;
			};
			name = Release;
		};
		E4BEB61016E5361700DD4526 /* Debug */ = {
			isa = XCBuildConfiguration;
			buildSettings = {
				GCC_PRECOMPILE_PREFIX_HEADER = YES;
				GCC_PREFIX_HEADER = "CardioQuest/CardioQuest-Prefix.pch";
				INFOPLIST_FILE = "CardioQuest/CardioQuest-Info.plist";
				LIBRARY_SEARCH_PATHS = (
					"$(inherited)",
					"$(FRANK_LIBRARY_SEARCH_PATHS)",
				);
				OTHER_LDFLAGS = (
					"$(inherited)",
					"$(FRANK_LDFLAGS)",
				);
				PRODUCT_NAME = "$(TARGET_NAME)";
				WRAPPER_EXTENSION = app;
			};
			name = Debug;
		};
		E4BEB61116E5361700DD4526 /* Release */ = {
			isa = XCBuildConfiguration;
			buildSettings = {
				GCC_PRECOMPILE_PREFIX_HEADER = YES;
				GCC_PREFIX_HEADER = "CardioQuest/CardioQuest-Prefix.pch";
				INFOPLIST_FILE = "CardioQuest/CardioQuest-Info.plist";
				PRODUCT_NAME = "$(TARGET_NAME)";
				WRAPPER_EXTENSION = app;
			};
			name = Release;
		};
		E4BEB61316E5361700DD4526 /* Debug */ = {
			isa = XCBuildConfiguration;
			buildSettings = {
				BUNDLE_LOADER = "$(BUILT_PRODUCTS_DIR)/CardioQuest.app/CardioQuest";
				FRAMEWORK_SEARCH_PATHS = (
					"\"$(SDKROOT)/Developer/Library/Frameworks\"",
					"\"$(DEVELOPER_LIBRARY_DIR)/Frameworks\"",
				);
				GCC_PRECOMPILE_PREFIX_HEADER = YES;
				GCC_PREFIX_HEADER = "CardioQuest/CardioQuest-Prefix.pch";
				INFOPLIST_FILE = "CardioQuestTests/CardioQuestTests-Info.plist";
				PRODUCT_NAME = "$(TARGET_NAME)";
				TEST_HOST = "$(BUNDLE_LOADER)";
				WRAPPER_EXTENSION = octest;
			};
			name = Debug;
		};
		E4BEB61416E5361700DD4526 /* Release */ = {
			isa = XCBuildConfiguration;
			buildSettings = {
				BUNDLE_LOADER = "$(BUILT_PRODUCTS_DIR)/CardioQuest.app/CardioQuest";
				FRAMEWORK_SEARCH_PATHS = (
					"\"$(SDKROOT)/Developer/Library/Frameworks\"",
					"\"$(DEVELOPER_LIBRARY_DIR)/Frameworks\"",
				);
				GCC_PRECOMPILE_PREFIX_HEADER = YES;
				GCC_PREFIX_HEADER = "CardioQuest/CardioQuest-Prefix.pch";
				INFOPLIST_FILE = "CardioQuestTests/CardioQuestTests-Info.plist";
				PRODUCT_NAME = "$(TARGET_NAME)";
				TEST_HOST = "$(BUNDLE_LOADER)";
				WRAPPER_EXTENSION = octest;
			};
			name = Release;
		};
/* End XCBuildConfiguration section */

/* Begin XCConfigurationList section */
		E4BEB5C416E5361500DD4526 /* Build configuration list for PBXProject "CardioQuest" */ = {
			isa = XCConfigurationList;
			buildConfigurations = (
				E4BEB60D16E5361700DD4526 /* Debug */,
				E4BEB60E16E5361700DD4526 /* Release */,
			);
			defaultConfigurationIsVisible = 0;
			defaultConfigurationName = Release;
		};
		E4BEB60F16E5361700DD4526 /* Build configuration list for PBXNativeTarget "CardioQuest" */ = {
			isa = XCConfigurationList;
			buildConfigurations = (
				E4BEB61016E5361700DD4526 /* Debug */,
				E4BEB61116E5361700DD4526 /* Release */,
			);
			defaultConfigurationIsVisible = 0;
			defaultConfigurationName = Release;
		};
		E4BEB61216E5361700DD4526 /* Build configuration list for PBXNativeTarget "CardioQuestTests" */ = {
			isa = XCConfigurationList;
			buildConfigurations = (
				E4BEB61316E5361700DD4526 /* Debug */,
				E4BEB61416E5361700DD4526 /* Release */,
			);
			defaultConfigurationIsVisible = 0;
			defaultConfigurationName = Release;
		};
/* End XCConfigurationList section */
	};
	rootObject = E4BEB5C116E5361500DD4526 /* Project object */;
}
